
Microsoft Visual Studio Solution File, Format Version 12.00
Project("{FAE04EC0-301F-11D3-BF4B-00C04F79EFBC}") = "GekkoLab", "GekkoLab\GekkoLab.csproj", "{280C739D-BE7A-4D5B-8681-82F3385695CC}"
EndProject
Project("{FAE04EC0-301F-11D3-BF4B-00C04F79EFBC}") = "GekkoLab.Tests", "GekkoLab.Tests\GekkoLab.Tests.csproj", "{80268793-7414-4969-9345-90BE85D3F188}"
EndProject
Global
	GlobalSection(SolutionConfigurationPlatforms) = preSolution
		Debug|Any CPU = Debug|Any CPU
		Debug|x64 = Debug|x64
		Debug|x86 = Debug|x86
		Release|Any CPU = Release|Any CPU
		Release|x64 = Release|x64
		Release|x86 = Release|x86
	EndGlobalSection
	GlobalSection(ProjectConfigurationPlatforms) = postSolution
		{280C739D-BE7A-4D5B-8681-82F3385695CC}.Debug|Any CPU.ActiveCfg = Debug|Any CPU
		{280C739D-BE7A-4D5B-8681-82F3385695CC}.Debug|Any CPU.Build.0 = Debug|Any CPU
		{280C739D-BE7A-4D5B-8681-82F3385695CC}.Debug|x64.ActiveCfg = Debug|Any CPU
		{280C739D-BE7A-4D5B-8681-82F3385695CC}.Debug|x64.Build.0 = Debug|Any CPU
		{280C739D-BE7A-4D5B-8681-82F3385695CC}.Debug|x86.ActiveCfg = Debug|Any CPU
		{280C739D-BE7A-4D5B-8681-82F3385695CC}.Debug|x86.Build.0 = Debug|Any CPU
		{280C739D-BE7A-4D5B-8681-82F3385695CC}.Release|Any CPU.ActiveCfg = Release|Any CPU
		{280C739D-BE7A-4D5B-8681-82F3385695CC}.Release|Any CPU.Build.0 = Release|Any CPU
		{280C739D-BE7A-4D5B-8681-82F3385695CC}.Release|x64.ActiveCfg = Release|Any CPU
		{280C739D-BE7A-4D5B-8681-82F3385695CC}.Release|x64.Build.0 = Release|Any CPU
		{280C739D-BE7A-4D5B-8681-82F3385695CC}.Release|x86.ActiveCfg = Release|Any CPU
		{280C739D-BE7A-4D5B-8681-82F3385695CC}.Release|x86.Build.0 = Release|Any CPU
		{80268793-7414-4969-9345-90BE85D3F188}.Debug|Any CPU.ActiveCfg = Debug|Any CPU
		{80268793-7414-4969-9345-90BE85D3F188}.Debug|Any CPU.Build.0 = Debug|Any CPU
		{80268793-7414-4969-9345-90BE85D3F188}.Debug|x64.ActiveCfg = Debug|Any CPU
		{80268793-7414-4969-9345-90BE85D3F188}.Debug|x64.Build.0 = Debug|Any CPU
		{80268793-7414-4969-9345-90BE85D3F188}.Debug|x86.ActiveCfg = Debug|Any CPU
		{80268793-7414-4969-9345-90BE85D3F188}.Debug|x86.Build.0 = Debug|Any CPU
		{80268793-7414-4969-9345-90BE85D3F188}.Release|Any CPU.ActiveCfg = Release|Any CPU
		{80268793-7414-4969-9345-90BE85D3F188}.Release|Any CPU.Build.0 = Release|Any CPU
		{80268793-7414-4969-9345-90BE85D3F188}.Release|x64.ActiveCfg = Release|Any CPU
		{80268793-7414-4969-9345-90BE85D3F188}.Release|x64.Build.0 = Release|Any CPU
		{80268793-7414-4969-9345-90BE85D3F188}.Release|x86.ActiveCfg = Release|Any CPU
		{80268793-7414-4969-9345-90BE85D3F188}.Release|x86.Build.0 = Release|Any CPU
	EndGlobalSection
	GlobalSection(SolutionProperties) = preSolution
		HideSolutionNode = FALSE
	EndGlobalSection
EndGlobal
